
Microsoft Visual Studio Solution File, Format Version 12.00
# Visual Studio Version 17
VisualStudioVersion = 17.11.35017.193
MinimumVisualStudioVersion = 10.0.40219.1
Project("{FAE04EC0-301F-11D3-BF4B-00C04F79EFBC}") = "DemoNewFeatureInDIWithWebAPI", "DemoNewFeatureInDIWithWebAPI\DemoNewFeatureInDIWithWebAPI.csproj", "{BC85E647-F43E-49D9-90DF-D0ED6D5D738C}"
EndProject
Project("{FAE04EC0-301F-11D3-BF4B-00C04F79EFBC}") = "ExternalService", "ExternalService\ExternalService.csproj", "{6ECF56F2-00C3-4C35-BD9F-70D32327B572}"
EndProject
Global
	GlobalSection(SolutionConfigurationPlatforms) = preSolution
		Debug|Any CPU = Debug|Any CPU
		Release|Any CPU = Release|Any CPU
	EndGlobalSection
	GlobalSection(ProjectConfigurationPlatforms) = postSolution
		{BC85E647-F43E-49D9-90DF-D0ED6D5D738C}.Debug|Any CPU.ActiveCfg = Debug|Any CPU
		{BC85E647-F43E-49D9-90DF-D0ED6D5D738C}.Debug|Any CPU.Build.0 = Debug|Any CPU
		{BC85E647-F43E-49D9-90DF-D0ED6D5D738C}.Release|Any CPU.ActiveCfg = Release|Any CPU
		{BC85E647-F43E-49D9-90DF-D0ED6D5D738C}.Release|Any CPU.Build.0 = Release|Any CPU
		{6ECF56F2-00C3-4C35-BD9F-70D32327B572}.Debug|Any CPU.ActiveCfg = Debug|Any CPU
		{6ECF56F2-00C3-4C35-BD9F-70D32327B572}.Debug|Any CPU.Build.0 = Debug|Any CPU
		{6ECF56F2-00C3-4C35-BD9F-70D32327B572}.Release|Any CPU.ActiveCfg = Release|Any CPU
		{6ECF56F2-00C3-4C35-BD9F-70D32327B572}.Release|Any CPU.Build.0 = Release|Any CPU
	EndGlobalSection
	GlobalSection(SolutionProperties) = preSolution
		HideSolutionNode = FALSE
	EndGlobalSection
	GlobalSection(ExtensibilityGlobals) = postSolution
		SolutionGuid = {393512DB-06B8-4000-B558-C635862E51F0}
	EndGlobalSection
EndGlobal
